
Microsoft Visual Studio Solution File, Format Version 12.00
# Visual Studio Version 17
VisualStudioVersion = 17.1.32421.90
MinimumVisualStudioVersion = 10.0.40219.1
Project("{FAE04EC0-301F-11D3-BF4B-00C04F79EFBC}") = "AsposeMVCTestN", "AsposeMVCTestN\AsposeMVCTestN.csproj", "{1326B30E-76A1-4737-97CE-8A4C54143B55}"
EndProject
Global
	GlobalSection(SolutionConfigurationPlatforms) = preSolution
		Debug|Any CPU = Debug|Any CPU
		Release|Any CPU = Release|Any CPU
	EndGlobalSection
	GlobalSection(ProjectConfigurationPlatforms) = postSolution
		{1326B30E-76A1-4737-97CE-8A4C54143B55}.Debug|Any CPU.ActiveCfg = Debug|Any CPU
		{1326B30E-76A1-4737-97CE-8A4C54143B55}.Debug|Any CPU.Build.0 = Debug|Any CPU
		{1326B30E-76A1-4737-97CE-8A4C54143B55}.Release|Any CPU.ActiveCfg = Release|Any CPU
		{1326B30E-76A1-4737-97CE-8A4C54143B55}.Release|Any CPU.Build.0 = Release|Any CPU
	EndGlobalSection
	GlobalSection(SolutionProperties) = preSolution
		HideSolutionNode = FALSE
	EndGlobalSection
	GlobalSection(ExtensibilityGlobals) = postSolution
		SolutionGuid = {FD54FBB8-7BBB-4502-873E-A13BC7E9BF47}
	EndGlobalSection
EndGlobal
